name: Generate package-lock.json

on:
  workflow_dispatch:

permissions:
  contents: write

jobs:
  generate-package-lock:
    runs-on: ubuntu-latest
    steps:
      - name: Checkout main branch
        uses: actions/checkout@v4
        with:
          ref: main

      - name: Setup Node.js 22
        uses: actions/setup-node@v4
        with:
          node-version: '22'

      - name: Generate package-lock.json
        run: npm install --package-lock-only

      - name: Show git status
        run: git status --short

      - name: Commit and push package-lock.json
        run: |
          if git diff --quiet -- package-lock.json; then
            echo "No changes in package-lock.json"
            exit 0
          fi

          git config user.name "github-actions[bot]"
          git config user.email "41898282+github-actions[bot]@users.noreply.github.com"
          git add package-lock.json
          git commit -m "chore: generate package-lock.json"
          git push origin HEAD:main
